lockfileVersion: '9.0'

settings:
  autoInstallPeers: true
  excludeLinksFromLockfile: false

importers:

  .:
    devDependencies:
      simple-git-hooks:
        specifier: ^2.13.0
        version: 2.13.0

packages:

  simple-git-hooks@2.13.0:
    resolution: {integrity: sha512-N+goiLxlkHJlyaYEglFypzVNMaNplPAk5syu0+OPp/Bk6dwVoXF6FfOw2vO0Dp+JHsBaI+w6cm8TnFl2Hw6tDA==}
    hasBin: true

snapshots:

  simple-git-hooks@2.13.0: {}
